# This file is automatically @generated by Cargo.
# It is not intended for manual editing.
[[package]]
name = "getopts"
version = "0.2.21"
source = "registry+https://github.com/rust-lang/crates.io-index"
dependencies = [
 "unicode-width 0.1.6 (registry+https://github.com/rust-lang/crates.io-index)",
]

[[package]]
name = "nagiosplugin"
version = "0.1.3"
source = "registry+https://github.com/rust-lang/crates.io-index"

[[package]]
name = "scanrs"
version = "0.1.0"
dependencies = [
 "getopts 0.2.21 (registry+https://github.com/rust-lang/crates.io-index)",
 "nagiosplugin 0.1.3 (registry+https://github.com/rust-lang/crates.io-index)",
]

[[package]]
name = "unicode-width"
version = "0.1.6"
source = "registry+https://github.com/rust-lang/crates.io-index"

[metadata]
"checksum getopts 0.2.21 (registry+https://github.com/rust-lang/crates.io-index)" = "14dbbfd5c71d70241ecf9e6f13737f7b5ce823821063188d7e46c41d371eebd5"
"checksum nagiosplugin 0.1.3 (registry+https://github.com/rust-lang/crates.io-index)" = "ae97966407631b0b974d9531f53a168c7b02576a85e53e988c55c24ad1308a9c"
"checksum unicode-width 0.1.6 (registry+https://github.com/rust-lang/crates.io-index)" = "7007dbd421b92cc6e28410fe7362e2e0a2503394908f417b68ec8d1c364c4e20"
